
Microsoft Visual Studio Solution File, Format Version 11.00
# Visual C++ Express 2010
Project("{8BC9CEB8-8B4A-11D0-8D11-00A0C91BC942}") = "common", "common.vcxproj", "{71DC1F68-BFC4-478C-8655-C8E9C9654D2B}"
EndProject
Project("{8BC9CEB8-8B4A-11D0-8D11-00A0C91BC942}") = "cc65", "cc65.vcxproj", "{B17EDBD5-DC04-4970-9CBD-56A98B6A3FCA}"
	ProjectSection(ProjectDependencies) = postProject
		{71DC1F68-BFC4-478C-8655-C8E9C9654D2B} = {71DC1F68-BFC4-478C-8655-C8E9C9654D2B}
	EndProjectSection
EndProject
Project("{8BC9CEB8-8B4A-11D0-8D11-00A0C91BC942}") = "ca65", "ca65.vcxproj", "{D28CB737-E6CA-49C4-8CE9-FF05F86DD4EC}"
	ProjectSection(ProjectDependencies) = postProject
		{71DC1F68-BFC4-478C-8655-C8E9C9654D2B} = {71DC1F68-BFC4-478C-8655-C8E9C9654D2B}
	EndProjectSection
EndProject
Project("{8BC9CEB8-8B4A-11D0-8D11-00A0C91BC942}") = "ar65", "ar65.vcxproj", "{5E8C19C6-B167-440C-8BEF-3CBF109CDB49}"
	ProjectSection(ProjectDependencies) = postProject
		{71DC1F68-BFC4-478C-8655-C8E9C9654D2B} = {71DC1F68-BFC4-478C-8655-C8E9C9654D2B}
	EndProjectSection
EndProject
Project("{8BC9CEB8-8B4A-11D0-8D11-00A0C91BC942}") = "ld65", "ld65.vcxproj", "{26C749A0-814C-47A2-9D36-AE92AE932FE4}"
	ProjectSection(ProjectDependencies) = postProject
		{71DC1F68-BFC4-478C-8655-C8E9C9654D2B} = {71DC1F68-BFC4-478C-8655-C8E9C9654D2B}
	EndProjectSection
EndProject
Project("{8BC9CEB8-8B4A-11D0-8D11-00A0C91BC942}") = "cl65", "cl65.vcxproj", "{F657912F-050A-488B-B203-50ED5715CDD7}"
	ProjectSection(ProjectDependencies) = postProject
		{71DC1F68-BFC4-478C-8655-C8E9C9654D2B} = {71DC1F68-BFC4-478C-8655-C8E9C9654D2B}
	EndProjectSection
EndProject
Project("{8BC9CEB8-8B4A-11D0-8D11-00A0C91BC942}") = "da65", "da65.vcxproj", "{0BCFB793-2B25-40E2-B265-75848824AC4C}"
	ProjectSection(ProjectDependencies) = postProject
		{71DC1F68-BFC4-478C-8655-C8E9C9654D2B} = {71DC1F68-BFC4-478C-8655-C8E9C9654D2B}
	EndProjectSection
EndProject
Project("{8BC9CEB8-8B4A-11D0-8D11-00A0C91BC942}") = "co65", "co65.vcxproj", "{F5DB5D1A-05BC-48FE-B346-4E96DD522AA2}"
	ProjectSection(ProjectDependencies) = postProject
		{71DC1F68-BFC4-478C-8655-C8E9C9654D2B} = {71DC1F68-BFC4-478C-8655-C8E9C9654D2B}
	EndProjectSection
EndProject
Project("{8BC9CEB8-8B4A-11D0-8D11-00A0C91BC942}") = "grc65", "grc65.vcxproj", "{E0FD0AB3-3BEE-496F-8108-A8E0F8933F39}"
	ProjectSection(ProjectDependencies) = postProject
		{71DC1F68-BFC4-478C-8655-C8E9C9654D2B} = {71DC1F68-BFC4-478C-8655-C8E9C9654D2B}
	EndProjectSection
EndProject
Project("{8BC9CEB8-8B4A-11D0-8D11-00A0C91BC942}") = "od65", "od65.vcxproj", "{FF8576C2-1253-44FE-A51B-D9AE35F3CEAD}"
	ProjectSection(ProjectDependencies) = postProject
		{71DC1F68-BFC4-478C-8655-C8E9C9654D2B} = {71DC1F68-BFC4-478C-8655-C8E9C9654D2B}
	EndProjectSection
EndProject
Project("{8BC9CEB8-8B4A-11D0-8D11-00A0C91BC942}") = "sp65", "sp65.vcxproj", "{4388D1AF-C7EA-4AD4-8E80-CA1FB7BF76BF}"
	ProjectSection(ProjectDependencies) = postProject
		{71DC1F68-BFC4-478C-8655-C8E9C9654D2B} = {71DC1F68-BFC4-478C-8655-C8E9C9654D2B}
	EndProjectSection
EndProject
Project("{8BC9CEB8-8B4A-11D0-8D11-00A0C91BC942}") = "sim65", "sim65.vcxproj", "{002A366E-2863-46A8-BDDE-DDF534AAEC73}"
	ProjectSection(ProjectDependencies) = postProject
		{71DC1F68-BFC4-478C-8655-C8E9C9654D2B} = {71DC1F68-BFC4-478C-8655-C8E9C9654D2B}
	EndProjectSection
EndProject
Global
	GlobalSection(SolutionConfigurationPlatforms) = preSolution
		Debug|Win32 = Debug|Win32
		Release|Win32 = Release|Win32
	EndGlobalSection
	GlobalSection(ProjectConfigurationPlatforms) = postSolution
		{71DC1F68-BFC4-478C-8655-C8E9C9654D2B}.Debug|Win32.ActiveCfg = Debug|Win32
		{71DC1F68-BFC4-478C-8655-C8E9C9654D2B}.Debug|Win32.Build.0 = Debug|Win32
		{71DC1F68-BFC4-478C-8655-C8E9C9654D2B}.Release|Win32.ActiveCfg = Release|Win32
		{71DC1F68-BFC4-478C-8655-C8E9C9654D2B}.Release|Win32.Build.0 = Release|Win32
		{B17EDBD5-DC04-4970-9CBD-56A98B6A3FCA}.Debug|Win32.ActiveCfg = Debug|Win32
		{B17EDBD5-DC04-4970-9CBD-56A98B6A3FCA}.Debug|Win32.Build.0 = Debug|Win32
		{B17EDBD5-DC04-4970-9CBD-56A98B6A3FCA}.Release|Win32.ActiveCfg = Release|Win32
		{B17EDBD5-DC04-4970-9CBD-56A98B6A3FCA}.Release|Win32.Build.0 = Release|Win32
		{D28CB737-E6CA-49C4-8CE9-FF05F86DD4EC}.Debug|Win32.ActiveCfg = Debug|Win32
		{D28CB737-E6CA-49C4-8CE9-FF05F86DD4EC}.Debug|Win32.Build.0 = Debug|Win32
		{D28CB737-E6CA-49C4-8CE9-FF05F86DD4EC}.Release|Win32.ActiveCfg = Release|Win32
		{D28CB737-E6CA-49C4-8CE9-FF05F86DD4EC}.Release|Win32.Build.0 = Release|Win32
		{5E8C19C6-B167-440C-8BEF-3CBF109CDB49}.Debug|Win32.ActiveCfg = Debug|Win32
		{5E8C19C6-B167-440C-8BEF-3CBF109CDB49}.Debug|Win32.Build.0 = Debug|Win32
		{5E8C19C6-B167-440C-8BEF-3CBF109CDB49}.Release|Win32.ActiveCfg = Release|Win32
		{5E8C19C6-B167-440C-8BEF-3CBF109CDB49}.Release|Win32.Build.0 = Release|Win32
		{26C749A0-814C-47A2-9D36-AE92AE932FE4}.Debug|Win32.ActiveCfg = Debug|Win32
		{26C749A0-814C-47A2-9D36-AE92AE932FE4}.Debug|Win32.Build.0 = Debug|Win32
		{26C749A0-814C-47A2-9D36-AE92AE932FE4}.Release|Win32.ActiveCfg = Release|Win32
		{26C749A0-814C-47A2-9D36-AE92AE932FE4}.Release|Win32.Build.0 = Release|Win32
		{F657912F-050A-488B-B203-50ED5715CDD7}.Debug|Win32.ActiveCfg = Debug|Win32
		{F657912F-050A-488B-B203-50ED5715CDD7}.Debug|Win32.Build.0 = Debug|Win32
		{F657912F-050A-488B-B203-50ED5715CDD7}.Release|Win32.ActiveCfg = Release|Win32
		{F657912F-050A-488B-B203-50ED5715CDD7}.Release|Win32.Build.0 = Release|Win32
		{0BCFB793-2B25-40E2-B265-75848824AC4C}.Debug|Win32.ActiveCfg = Debug|Win32
		{0BCFB793-2B25-40E2-B265-75848824AC4C}.Debug|Win32.Build.0 = Debug|Win32
		{0BCFB793-2B25-40E2-B265-75848824AC4C}.Release|Win32.ActiveCfg = Release|Win32
		{0BCFB793-2B25-40E2-B265-75848824AC4C}.Release|Win32.Build.0 = Release|Win32
		{F5DB5D1A-05BC-48FE-B346-4E96DD522AA2}.Debug|Win32.ActiveCfg = Debug|Win32
		{F5DB5D1A-05BC-48FE-B346-4E96DD522AA2}.Debug|Win32.Build.0 = Debug|Win32
		{F5DB5D1A-05BC-48FE-B346-4E96DD522AA2}.Release|Win32.ActiveCfg = Release|Win32
		{F5DB5D1A-05BC-48FE-B346-4E96DD522AA2}.Release|Win32.Build.0 = Release|Win32
		{E0FD0AB3-3BEE-496F-8108-A8E0F8933F39}.Debug|Win32.ActiveCfg = Debug|Win32
		{E0FD0AB3-3BEE-496F-8108-A8E0F8933F39}.Debug|Win32.Build.0 = Debug|Win32
		{E0FD0AB3-3BEE-496F-8108-A8E0F8933F39}.Release|Win32.ActiveCfg = Release|Win32
		{E0FD0AB3-3BEE-496F-8108-A8E0F8933F39}.Release|Win32.Build.0 = Release|Win32
		{FF8576C2-1253-44FE-A51B-D9AE35F3CEAD}.Debug|Win32.ActiveCfg = Debug|Win32
		{FF8576C2-1253-44FE-A51B-D9AE35F3CEAD}.Debug|Win32.Build.0 = Debug|Win32
		{FF8576C2-1253-44FE-A51B-D9AE35F3CEAD}.Release|Win32.ActiveCfg = Release|Win32
		{FF8576C2-1253-44FE-A51B-D9AE35F3CEAD}.Release|Win32.Build.0 = Release|Win32
		{4388D1AF-C7EA-4AD4-8E80-CA1FB7BF76BF}.Debug|Win32.ActiveCfg = Debug|Win32
		{4388D1AF-C7EA-4AD4-8E80-CA1FB7BF76BF}.Debug|Win32.Build.0 = Debug|Win32
		{4388D1AF-C7EA-4AD4-8E80-CA1FB7BF76BF}.Release|Win32.ActiveCfg = Release|Win32
		{4388D1AF-C7EA-4AD4-8E80-CA1FB7BF76BF}.Release|Win32.Build.0 = Release|Win32
		{002A366E-2863-46A8-BDDE-DDF534AAEC73}.Debug|Win32.ActiveCfg = Debug|Win32
		{002A366E-2863-46A8-BDDE-DDF534AAEC73}.Debug|Win32.Build.0 = Debug|Win32
		{002A366E-2863-46A8-BDDE-DDF534AAEC73}.Release|Win32.ActiveCfg = Release|Win32
		{002A366E-2863-46A8-BDDE-DDF534AAEC73}.Release|Win32.Build.0 = Release|Win32
	EndGlobalSection
	GlobalSection(SolutionProperties) = preSolution
		HideSolutionNode = FALSE
	EndGlobalSection
EndGlobal
